
Microsoft Visual Studio Solution File, Format Version 12.00
# Visual Studio 2012
Project("{E24C65DC-7377-472B-9ABA-BC803B73C61A}") = "alumni - www.freestudentprojects.com", ".", "{2526A9B2-966B-43F0-8693-EE55500C4447}"
	ProjectSection(WebsiteProperties) = preProject
		TargetFrameworkMoniker = ".NETFramework,Version%3Dv3.5"
		Debug.AspNetCompiler.VirtualPath = "/alumni - www.freestudentprojects.com"
		Debug.AspNetCompiler.PhysicalPath = "..\..\..\..\Desktop\alumni - www.freestudentprojects.com\"
		Debug.AspNetCompiler.TargetPath = "PrecompiledWeb\alumni - www.freestudentprojects.com\"
		Debug.AspNetCompiler.Updateable = "true"
		Debug.AspNetCompiler.ForceOverwrite = "true"
		Debug.AspNetCompiler.FixedNames = "false"
		Debug.AspNetCompiler.Debug = "True"
		Release.AspNetCompiler.VirtualPath = "/alumni - www.freestudentprojects.com"
		Release.AspNetCompiler.PhysicalPath = "..\..\..\..\Desktop\alumni - www.freestudentprojects.com\"
		Release.AspNetCompiler.TargetPath = "PrecompiledWeb\alumni - www.freestudentprojects.com\"
		Release.AspNetCompiler.Updateable = "true"
		Release.AspNetCompiler.ForceOverwrite = "true"
		Release.AspNetCompiler.FixedNames = "false"
		Release.AspNetCompiler.Debug = "False"
		VWDPort = "55275"
	EndProjectSection
EndProject
Global
	GlobalSection(SolutionConfigurationPlatforms) = preSolution
		Debug|Any CPU = Debug|Any CPU
	EndGlobalSection
	GlobalSection(ProjectConfigurationPlatforms) = postSolution
		{2526A9B2-966B-43F0-8693-EE55500C4447}.Debug|Any CPU.ActiveCfg = Debug|Any CPU
		{2526A9B2-966B-43F0-8693-EE55500C4447}.Debug|Any CPU.Build.0 = Debug|Any CPU
	EndGlobalSection
	GlobalSection(SolutionProperties) = preSolution
		HideSolutionNode = FALSE
	EndGlobalSection
EndGlobal
